
Microsoft Visual Studio Solution File, Format Version 12.00
# Visual Studio 2013
VisualStudioVersion = 12.0.31101.0
MinimumVisualStudioVersion = 10.0.40219.1
Project("{FAE04EC0-301F-11D3-BF4B-00C04F79EFBC}") = "CSIS425", "CSIS425\CSIS425.csproj", "{41866309-61A7-4ED0-BAE4-6C1482913F03}"
EndProject
Project("{FAE04EC0-301F-11D3-BF4B-00C04F79EFBC}") = "CSIS425.Tests", "CSIS425.Tests\CSIS425.Tests.csproj", "{78F83131-EA3F-41B3-9402-3B63CE3FFCC8}"
EndProject
Project("{2150E333-8FDC-42A3-9474-1A3956D46DE8}") = ".nuget", ".nuget", "{39478771-D671-4F24-ABE5-319F0B4E7293}"
	ProjectSection(SolutionItems) = preProject
		.nuget\packages.config = .nuget\packages.config
	EndProjectSection
EndProject
Global
	GlobalSection(SolutionConfigurationPlatforms) = preSolution
		Debug|Any CPU = Debug|Any CPU
		Release|Any CPU = Release|Any CPU
	EndGlobalSection
	GlobalSection(ProjectConfigurationPlatforms) = postSolution
		{41866309-61A7-4ED0-BAE4-6C1482913F03}.Debug|Any CPU.ActiveCfg = Debug|Any CPU
		{41866309-61A7-4ED0-BAE4-6C1482913F03}.Debug|Any CPU.Build.0 = Debug|Any CPU
		{41866309-61A7-4ED0-BAE4-6C1482913F03}.Release|Any CPU.ActiveCfg = Release|Any CPU
		{41866309-61A7-4ED0-BAE4-6C1482913F03}.Release|Any CPU.Build.0 = Release|Any CPU
		{78F83131-EA3F-41B3-9402-3B63CE3FFCC8}.Debug|Any CPU.ActiveCfg = Debug|Any CPU
		{78F83131-EA3F-41B3-9402-3B63CE3FFCC8}.Debug|Any CPU.Build.0 = Debug|Any CPU
		{78F83131-EA3F-41B3-9402-3B63CE3FFCC8}.Release|Any CPU.ActiveCfg = Release|Any CPU
		{78F83131-EA3F-41B3-9402-3B63CE3FFCC8}.Release|Any CPU.Build.0 = Release|Any CPU
	EndGlobalSection
	GlobalSection(SolutionProperties) = preSolution
		HideSolutionNode = FALSE
	EndGlobalSection
EndGlobal
